dependencies:
- name: keda
  repository: https://kedacore.github.io/charts
  version: 2.17.0
- name: cloudnative-pg
  repository: https://cloudnative-pg.github.io/charts
  version: 0.19.1
- name: argo-cd
  repository: https://argoproj.github.io/argo-helm
  version: 8.0.1
digest: sha256:4879d1c54c2ffcd9fa1df2dc5552e652c7bb231f7d1709f69efa2c3479fe1d3a
generated: "2025-05-13T23:11:31.81958131+02:00"
